
Microsoft Visual Studio Solution File, Format Version 12.00
# Visual Studio Version 17
VisualStudioVersion = 17.8.34525.116
MinimumVisualStudioVersion = 10.0.40219.1
Project("{9A19103F-16F7-4668-BE54-9A1E7A4F7556}") = "RideWise.Api", "RideWise.Api\RideWise.Api.csproj", "{86C35FC5-B85E-403A-938A-FE813FA135E6}"
EndProject
Project("{9A19103F-16F7-4668-BE54-9A1E7A4F7556}") = "RideWise.UnitTest", "RideWise.UnitTest\RideWise.UnitTest.csproj", "{C3AE4333-EE9A-4F1B-8D47-1A0457F23243}"
EndProject
Project("{9A19103F-16F7-4668-BE54-9A1E7A4F7556}") = "RideWise.Common", "RideWise.Common\RideWise.Common.csproj", "{47F9971F-C846-4FF0-B6FC-ABE7E2065A01}"
EndProject
Project("{9A19103F-16F7-4668-BE54-9A1E7A4F7556}") = "RideWise.Notification", "RideWise.Notification\RideWise.Notification.csproj", "{5445051E-7169-4F66-B812-B7BAF1F4B225}"
EndProject
Project("{9A19103F-16F7-4668-BE54-9A1E7A4F7556}") = "RideWise.IntegrationTest", "RideWise.IntegrationTest\RideWise.IntegrationTest.csproj", "{AAB1E30D-1A17-4979-96B3-2F8D2152DEDF}"
EndProject
Global
	GlobalSection(SolutionConfigurationPlatforms) = preSolution
		Debug|Any CPU = Debug|Any CPU
		Release|Any CPU = Release|Any CPU
	EndGlobalSection
	GlobalSection(ProjectConfigurationPlatforms) = postSolution
		{86C35FC5-B85E-403A-938A-FE813FA135E6}.Debug|Any CPU.ActiveCfg = Debug|Any CPU
		{86C35FC5-B85E-403A-938A-FE813FA135E6}.Debug|Any CPU.Build.0 = Debug|Any CPU
		{86C35FC5-B85E-403A-938A-FE813FA135E6}.Release|Any CPU.ActiveCfg = Release|Any CPU
		{86C35FC5-B85E-403A-938A-FE813FA135E6}.Release|Any CPU.Build.0 = Release|Any CPU
		{C3AE4333-EE9A-4F1B-8D47-1A0457F23243}.Debug|Any CPU.ActiveCfg = Debug|Any CPU
		{C3AE4333-EE9A-4F1B-8D47-1A0457F23243}.Debug|Any CPU.Build.0 = Debug|Any CPU
		{C3AE4333-EE9A-4F1B-8D47-1A0457F23243}.Release|Any CPU.ActiveCfg = Release|Any CPU
		{C3AE4333-EE9A-4F1B-8D47-1A0457F23243}.Release|Any CPU.Build.0 = Release|Any CPU
		{47F9971F-C846-4FF0-B6FC-ABE7E2065A01}.Debug|Any CPU.ActiveCfg = Debug|Any CPU
		{47F9971F-C846-4FF0-B6FC-ABE7E2065A01}.Debug|Any CPU.Build.0 = Debug|Any CPU
		{47F9971F-C846-4FF0-B6FC-ABE7E2065A01}.Release|Any CPU.ActiveCfg = Release|Any CPU
		{47F9971F-C846-4FF0-B6FC-ABE7E2065A01}.Release|Any CPU.Build.0 = Release|Any CPU
		{5445051E-7169-4F66-B812-B7BAF1F4B225}.Debug|Any CPU.ActiveCfg = Debug|Any CPU
		{5445051E-7169-4F66-B812-B7BAF1F4B225}.Debug|Any CPU.Build.0 = Debug|Any CPU
		{5445051E-7169-4F66-B812-B7BAF1F4B225}.Release|Any CPU.ActiveCfg = Release|Any CPU
		{5445051E-7169-4F66-B812-B7BAF1F4B225}.Release|Any CPU.Build.0 = Release|Any CPU
		{AAB1E30D-1A17-4979-96B3-2F8D2152DEDF}.Debug|Any CPU.ActiveCfg = Debug|Any CPU
		{AAB1E30D-1A17-4979-96B3-2F8D2152DEDF}.Debug|Any CPU.Build.0 = Debug|Any CPU
		{AAB1E30D-1A17-4979-96B3-2F8D2152DEDF}.Release|Any CPU.ActiveCfg = Release|Any CPU
		{AAB1E30D-1A17-4979-96B3-2F8D2152DEDF}.Release|Any CPU.Build.0 = Release|Any CPU
	EndGlobalSection
	GlobalSection(SolutionProperties) = preSolution
		HideSolutionNode = FALSE
	EndGlobalSection
	GlobalSection(ExtensibilityGlobals) = postSolution
		SolutionGuid = {87952A4E-5DA7-4141-AC0A-B4E039DA0740}
	EndGlobalSection
EndGlobal
