
Microsoft Visual Studio Solution File, Format Version 12.00
# Visual Studio Version 17
VisualStudioVersion = 17.8.34525.116
MinimumVisualStudioVersion = 10.0.40219.1
Project("{FAE04EC0-301F-11D3-BF4B-00C04F79EFBC}") = "ride-wise-api", "ride-wise-api.csproj", "{5D598E74-FABC-412B-9BD2-210C66C2D99B}"
EndProject
Global
	GlobalSection(SolutionConfigurationPlatforms) = preSolution
		Debug|Any CPU = Debug|Any CPU
		Release|Any CPU = Release|Any CPU
	EndGlobalSection
	GlobalSection(ProjectConfigurationPlatforms) = postSolution
		{5D598E74-FABC-412B-9BD2-210C66C2D99B}.Debug|Any CPU.ActiveCfg = Debug|Any CPU
		{5D598E74-FABC-412B-9BD2-210C66C2D99B}.Debug|Any CPU.Build.0 = Debug|Any CPU
		{5D598E74-FABC-412B-9BD2-210C66C2D99B}.Release|Any CPU.ActiveCfg = Release|Any CPU
		{5D598E74-FABC-412B-9BD2-210C66C2D99B}.Release|Any CPU.Build.0 = Release|Any CPU
	EndGlobalSection
	GlobalSection(SolutionProperties) = preSolution
		HideSolutionNode = FALSE
	EndGlobalSection
	GlobalSection(ExtensibilityGlobals) = postSolution
		SolutionGuid = {87952A4E-5DA7-4141-AC0A-B4E039DA0740}
	EndGlobalSection
EndGlobal
